
Microsoft Visual Studio Solution File, Format Version 12.00
# Visual Studio Version 17
VisualStudioVersion = 17.0.32112.339
MinimumVisualStudioVersion = 10.0.40219.1
Project("{FAE04EC0-301F-11D3-BF4B-00C04F79EFBC}") = "Lista1Exerc1", "ListaDeExercicios1\Lista1Exerc1.csproj", "{230D29BD-360F-4555-9796-495B2CF2F279}"
EndProject
Project("{FAE04EC0-301F-11D3-BF4B-00C04F79EFBC}") = "Lista1Exerc2", "Lista1Exerc2\Lista1Exerc2.csproj", "{1C7BDD6B-AF15-4C7B-9A3F-674E3EA03CD2}"
EndProject
Project("{FAE04EC0-301F-11D3-BF4B-00C04F79EFBC}") = "Lista1Exerc3", "Lista1Exerc3\Lista1Exerc3.csproj", "{B31A96BD-A204-46A6-8FEF-D7909924836B}"
EndProject
Project("{FAE04EC0-301F-11D3-BF4B-00C04F79EFBC}") = "Lista1Exerc4", "Lista1Exerc4\Lista1Exerc4.csproj", "{6C777486-F18C-4821-BE13-7447CF852F53}"
EndProject
Project("{FAE04EC0-301F-11D3-BF4B-00C04F79EFBC}") = "Lista1Exerc5", "Lista1Exerc5\Lista1Exerc5.csproj", "{805F0355-A9C3-404C-ABA1-2F72D663A625}"
EndProject
Global
	GlobalSection(SolutionConfigurationPlatforms) = preSolution
		Debug|Any CPU = Debug|Any CPU
		Release|Any CPU = Release|Any CPU
	EndGlobalSection
	GlobalSection(ProjectConfigurationPlatforms) = postSolution
		{230D29BD-360F-4555-9796-495B2CF2F279}.Debug|Any CPU.ActiveCfg = Debug|Any CPU
		{230D29BD-360F-4555-9796-495B2CF2F279}.Debug|Any CPU.Build.0 = Debug|Any CPU
		{230D29BD-360F-4555-9796-495B2CF2F279}.Release|Any CPU.ActiveCfg = Release|Any CPU
		{230D29BD-360F-4555-9796-495B2CF2F279}.Release|Any CPU.Build.0 = Release|Any CPU
		{1C7BDD6B-AF15-4C7B-9A3F-674E3EA03CD2}.Debug|Any CPU.ActiveCfg = Debug|Any CPU
		{1C7BDD6B-AF15-4C7B-9A3F-674E3EA03CD2}.Debug|Any CPU.Build.0 = Debug|Any CPU
		{1C7BDD6B-AF15-4C7B-9A3F-674E3EA03CD2}.Release|Any CPU.ActiveCfg = Release|Any CPU
		{1C7BDD6B-AF15-4C7B-9A3F-674E3EA03CD2}.Release|Any CPU.Build.0 = Release|Any CPU
		{B31A96BD-A204-46A6-8FEF-D7909924836B}.Debug|Any CPU.ActiveCfg = Debug|Any CPU
		{B31A96BD-A204-46A6-8FEF-D7909924836B}.Debug|Any CPU.Build.0 = Debug|Any CPU
		{B31A96BD-A204-46A6-8FEF-D7909924836B}.Release|Any CPU.ActiveCfg = Release|Any CPU
		{B31A96BD-A204-46A6-8FEF-D7909924836B}.Release|Any CPU.Build.0 = Release|Any CPU
		{6C777486-F18C-4821-BE13-7447CF852F53}.Debug|Any CPU.ActiveCfg = Debug|Any CPU
		{6C777486-F18C-4821-BE13-7447CF852F53}.Debug|Any CPU.Build.0 = Debug|Any CPU
		{6C777486-F18C-4821-BE13-7447CF852F53}.Release|Any CPU.ActiveCfg = Release|Any CPU
		{6C777486-F18C-4821-BE13-7447CF852F53}.Release|Any CPU.Build.0 = Release|Any CPU
		{805F0355-A9C3-404C-ABA1-2F72D663A625}.Debug|Any CPU.ActiveCfg = Debug|Any CPU
		{805F0355-A9C3-404C-ABA1-2F72D663A625}.Debug|Any CPU.Build.0 = Debug|Any CPU
		{805F0355-A9C3-404C-ABA1-2F72D663A625}.Release|Any CPU.ActiveCfg = Release|Any CPU
		{805F0355-A9C3-404C-ABA1-2F72D663A625}.Release|Any CPU.Build.0 = Release|Any CPU
	EndGlobalSection
	GlobalSection(SolutionProperties) = preSolution
		HideSolutionNode = FALSE
	EndGlobalSection
	GlobalSection(ExtensibilityGlobals) = postSolution
		SolutionGuid = {AB1C451B-E2E1-4FB7-8F77-817596B3B6BF}
	EndGlobalSection
EndGlobal
